
Microsoft Visual Studio Solution File, Format Version 12.00
# Visual Studio Version 16
VisualStudioVersion = 16.0.28315.86
MinimumVisualStudioVersion = 10.0.40219.1
Project("{2150E333-8FDC-42A3-9474-1A3956D46DE8}") = ".nuget", ".nuget", "{7A31A09F-1E7B-4389-9795-2752C2A6DF40}"
	ProjectSection(SolutionItems) = preProject
		.nuget\NuGet.Config = .nuget\NuGet.Config
		.nuget\NuGet.exe = .nuget\NuGet.exe
		.nuget\NuGet.targets = .nuget\NuGet.targets
	EndProjectSection
EndProject
Project("{FAE04EC0-301F-11D3-BF4B-00C04F79EFBC}") = "GitFlow.VS", "GitFlow.VS\GitFlow.VS.csproj", "{109C6173-0DBF-43D7-9EEE-AA404561B4F0}"
EndProject
Project("{FAE04EC0-301F-11D3-BF4B-00C04F79EFBC}") = "GitFlow.VS.Tests", "GitFlow.VS.Tests\GitFlow.VS.Tests.csproj", "{AED3FCED-BD51-4B0D-821F-5502C350F27E}"
EndProject
Project("{FAE04EC0-301F-11D3-BF4B-00C04F79EFBC}") = "GitFlow.VS.Extension", "GitFlow.VS.Extension\GitFlow.VS.Extension.csproj", "{B5F05374-4507-4ACE-A4F5-7AF90ABE9ED4}"
EndProject
Project("{FAE04EC0-301F-11D3-BF4B-00C04F79EFBC}") = "TeamExplorer.Common", "TeamExplorer.Common\TeamExplorer.Common.csproj", "{388AC013-C628-4A32-ABBC-A28A68C3A112}"
EndProject
Project("{2150E333-8FDC-42A3-9474-1A3956D46DE8}") = "Scripts", "Scripts", "{F7864E21-C5D4-4C74-B930-F1991C5DEDE9}"
	ProjectSection(SolutionItems) = preProject
		Scripts\ApplyVersionToAssemblies.ps1 = Scripts\ApplyVersionToAssemblies.ps1
		Scripts\SetVsixVersion.ps1 = Scripts\SetVsixVersion.ps1
	EndProjectSection
EndProject
Global
	GlobalSection(SolutionConfigurationPlatforms) = preSolution
		Debug|Any CPU = Debug|Any CPU
		Release|Any CPU = Release|Any CPU
		VS2013|Any CPU = VS2013|Any CPU
		VS2015|Any CPU = VS2015|Any CPU
		VS2017|Any CPU = VS2017|Any CPU
		VS2019|Any CPU = VS2019|Any CPU
	EndGlobalSection
	GlobalSection(ProjectConfigurationPlatforms) = postSolution
		{109C6173-0DBF-43D7-9EEE-AA404561B4F0}.Debug|Any CPU.ActiveCfg = Debug|Any CPU
		{109C6173-0DBF-43D7-9EEE-AA404561B4F0}.Debug|Any CPU.Build.0 = Debug|Any CPU
		{109C6173-0DBF-43D7-9EEE-AA404561B4F0}.Release|Any CPU.ActiveCfg = Release|Any CPU
		{109C6173-0DBF-43D7-9EEE-AA404561B4F0}.Release|Any CPU.Build.0 = Release|Any CPU
		{109C6173-0DBF-43D7-9EEE-AA404561B4F0}.VS2013|Any CPU.ActiveCfg = VS2013|Any CPU
		{109C6173-0DBF-43D7-9EEE-AA404561B4F0}.VS2013|Any CPU.Build.0 = VS2013|Any CPU
		{109C6173-0DBF-43D7-9EEE-AA404561B4F0}.VS2015|Any CPU.ActiveCfg = VS2015|Any CPU
		{109C6173-0DBF-43D7-9EEE-AA404561B4F0}.VS2015|Any CPU.Build.0 = VS2015|Any CPU
		{109C6173-0DBF-43D7-9EEE-AA404561B4F0}.VS2017|Any CPU.ActiveCfg = VS2017|Any CPU
		{109C6173-0DBF-43D7-9EEE-AA404561B4F0}.VS2017|Any CPU.Build.0 = VS2017|Any CPU
		{109C6173-0DBF-43D7-9EEE-AA404561B4F0}.VS2019|Any CPU.ActiveCfg = VS2019|Any CPU
		{109C6173-0DBF-43D7-9EEE-AA404561B4F0}.VS2019|Any CPU.Build.0 = VS2019|Any CPU
		{AED3FCED-BD51-4B0D-821F-5502C350F27E}.Debug|Any CPU.ActiveCfg = Debug|Any CPU
		{AED3FCED-BD51-4B0D-821F-5502C350F27E}.Debug|Any CPU.Build.0 = Debug|Any CPU
		{AED3FCED-BD51-4B0D-821F-5502C350F27E}.Release|Any CPU.ActiveCfg = Release|Any CPU
		{AED3FCED-BD51-4B0D-821F-5502C350F27E}.Release|Any CPU.Build.0 = Release|Any CPU
		{AED3FCED-BD51-4B0D-821F-5502C350F27E}.VS2013|Any CPU.ActiveCfg = VS2013|Any CPU
		{AED3FCED-BD51-4B0D-821F-5502C350F27E}.VS2013|Any CPU.Build.0 = VS2013|Any CPU
		{AED3FCED-BD51-4B0D-821F-5502C350F27E}.VS2015|Any CPU.ActiveCfg = VS2015|Any CPU
		{AED3FCED-BD51-4B0D-821F-5502C350F27E}.VS2015|Any CPU.Build.0 = VS2015|Any CPU
		{AED3FCED-BD51-4B0D-821F-5502C350F27E}.VS2017|Any CPU.ActiveCfg = VS2017|Any CPU
		{AED3FCED-BD51-4B0D-821F-5502C350F27E}.VS2017|Any CPU.Build.0 = VS2017|Any CPU
		{AED3FCED-BD51-4B0D-821F-5502C350F27E}.VS2019|Any CPU.ActiveCfg = VS2019|Any CPU
		{AED3FCED-BD51-4B0D-821F-5502C350F27E}.VS2019|Any CPU.Build.0 = VS2019|Any CPU
		{B5F05374-4507-4ACE-A4F5-7AF90ABE9ED4}.Debug|Any CPU.ActiveCfg = Debug|Any CPU
		{B5F05374-4507-4ACE-A4F5-7AF90ABE9ED4}.Debug|Any CPU.Build.0 = Debug|Any CPU
		{B5F05374-4507-4ACE-A4F5-7AF90ABE9ED4}.Release|Any CPU.ActiveCfg = Release|Any CPU
		{B5F05374-4507-4ACE-A4F5-7AF90ABE9ED4}.Release|Any CPU.Build.0 = Release|Any CPU
		{B5F05374-4507-4ACE-A4F5-7AF90ABE9ED4}.VS2013|Any CPU.ActiveCfg = VS2013|Any CPU
		{B5F05374-4507-4ACE-A4F5-7AF90ABE9ED4}.VS2013|Any CPU.Build.0 = VS2013|Any CPU
		{B5F05374-4507-4ACE-A4F5-7AF90ABE9ED4}.VS2015|Any CPU.ActiveCfg = VS2015|Any CPU
		{B5F05374-4507-4ACE-A4F5-7AF90ABE9ED4}.VS2015|Any CPU.Build.0 = VS2015|Any CPU
		{B5F05374-4507-4ACE-A4F5-7AF90ABE9ED4}.VS2017|Any CPU.ActiveCfg = VS2017|Any CPU
		{B5F05374-4507-4ACE-A4F5-7AF90ABE9ED4}.VS2017|Any CPU.Build.0 = VS2017|Any CPU
		{B5F05374-4507-4ACE-A4F5-7AF90ABE9ED4}.VS2019|Any CPU.ActiveCfg = VS2019|Any CPU
		{B5F05374-4507-4ACE-A4F5-7AF90ABE9ED4}.VS2019|Any CPU.Build.0 = VS2019|Any CPU
		{388AC013-C628-4A32-ABBC-A28A68C3A112}.Debug|Any CPU.ActiveCfg = Debug|Any CPU
		{388AC013-C628-4A32-ABBC-A28A68C3A112}.Debug|Any CPU.Build.0 = Debug|Any CPU
		{388AC013-C628-4A32-ABBC-A28A68C3A112}.Release|Any CPU.ActiveCfg = Release|Any CPU
		{388AC013-C628-4A32-ABBC-A28A68C3A112}.Release|Any CPU.Build.0 = Release|Any CPU
		{388AC013-C628-4A32-ABBC-A28A68C3A112}.VS2013|Any CPU.ActiveCfg = VS2013|Any CPU
		{388AC013-C628-4A32-ABBC-A28A68C3A112}.VS2013|Any CPU.Build.0 = VS2013|Any CPU
		{388AC013-C628-4A32-ABBC-A28A68C3A112}.VS2015|Any CPU.ActiveCfg = VS2015|Any CPU
		{388AC013-C628-4A32-ABBC-A28A68C3A112}.VS2015|Any CPU.Build.0 = VS2015|Any CPU
		{388AC013-C628-4A32-ABBC-A28A68C3A112}.VS2017|Any CPU.ActiveCfg = VS2017|Any CPU
		{388AC013-C628-4A32-ABBC-A28A68C3A112}.VS2017|Any CPU.Build.0 = VS2017|Any CPU
		{388AC013-C628-4A32-ABBC-A28A68C3A112}.VS2019|Any CPU.ActiveCfg = VS2019|Any CPU
		{388AC013-C628-4A32-ABBC-A28A68C3A112}.VS2019|Any CPU.Build.0 = VS2019|Any CPU
	EndGlobalSection
	GlobalSection(SolutionProperties) = preSolution
		HideSolutionNode = FALSE
	EndGlobalSection
	GlobalSection(ExtensibilityGlobals) = postSolution
		SolutionGuid = {4A553759-F714-4B61-9659-2BE8B782776A}
	EndGlobalSection
EndGlobal
